// !$*UTF8*$!
{
	archiveVersion = 1;
	classes = {
	};
	objectVersion = 48;
	objects = {

/* Begin PBXBuildFile section */
		87B029AF1FAA2F2000056D4B /* AppDelegate.swift in Sources */ = {isa = PBXBuildFile; fileRef = 87B029AE1FAA2F2000056D4B /* AppDelegate.swift */; };
		87B029B41FAA2F2000056D4B /* Main.storyboard in Resources */ = {isa = PBXBuildFile; fileRef = 87B029B21FAA2F2000056D4B /* Main.storyboard */; };
		87B029B61FAA2F2000056D4B /* Assets.xcassets in Resources */ = {isa = PBXBuildFile; fileRef = 87B029B51FAA2F2000056D4B /* Assets.xcassets */; };
		87B029B91FAA2F2000056D4B /* LaunchScreen.storyboard in Resources */ = {isa = PBXBuildFile; fileRef = 87B029B71FAA2F2000056D4B /* LaunchScreen.storyboard */; };
		87B029C41FAA31C500056D4B /* field_observations.json in Resources */ = {isa = PBXBuildFile; fileRef = 87B029C31FAA31C500056D4B /* field_observations.json */; };
		87B029C61FAA324C00056D4B /* Classification.swift in Sources */ = {isa = PBXBuildFile; fileRef = 87B029C51FAA324C00056D4B /* Classification.swift */; };
		87B029C81FAA33A000056D4B /* ObservationClassification.swift in Sources */ = {isa = PBXBuildFile; fileRef = 87B029C71FAA33A000056D4B /* ObservationClassification.swift */; };
		87B029CA1FAA366300056D4B /* ObservationsJSONParser.swift in Sources */ = {isa = PBXBuildFile; fileRef = 87B029C91FAA366300056D4B /* ObservationsJSONParser.swift */; };
		87B029CC1FAA3D4400056D4B /* ObservationsJSONLoader.swift in Sources */ = {isa = PBXBuildFile; fileRef = 87B029CB1FAA3D4400056D4B /* ObservationsJSONLoader.swift */; };
		87B029CE1FAA42A400056D4B /* ObservationViewController.swift in Sources */ = {isa = PBXBuildFile; fileRef = 87B029CD1FAA42A400056D4B /* ObservationViewController.swift */; };
		87B029D01FAA42D300056D4B /* ObservationDetailsViewController.swift in Sources */ = {isa = PBXBuildFile; fileRef = 87B029CF1FAA42D300056D4B /* ObservationDetailsViewController.swift */; };
		87B029D21FAA4BE500056D4B /* ObservationTableViewCell.swift in Sources */ = {isa = PBXBuildFile; fileRef = 87B029D11FAA4BE500056D4B /* ObservationTableViewCell.swift */; };
/* End PBXBuildFile section */

/* Begin PBXFileReference section */
		87B029AB1FAA2F2000056D4B /* Field Survey.app */ = {isa = PBXFileReference; explicitFileType = wrapper.application; includeInIndex = 0; path = "Field Survey.app"; sourceTree = BUILT_PRODUCTS_DIR; };
		87B029AE1FAA2F2000056D4B /* AppDelegate.swift */ = {isa = PBXFileReference; lastKnownFileType = sourcecode.swift; path = AppDelegate.swift; sourceTree = "<group>"; };
		87B029B31FAA2F2000056D4B /* Base */ = {isa = PBXFileReference; lastKnownFileType = file.storyboard; name = Base; path = Base.lproj/Main.storyboard; sourceTree = "<group>"; };
		87B029B51FAA2F2000056D4B /* Assets.xcassets */ = {isa = PBXFileReference; lastKnownFileType = folder.assetcatalog; path = Assets.xcassets; sourceTree = "<group>"; };
		87B029B81FAA2F2000056D4B /* Base */ = {isa = PBXFileReference; lastKnownFileType = file.storyboard; name = Base; path = Base.lproj/LaunchScreen.storyboard; sourceTree = "<group>"; };
		87B029BA1FAA2F2000056D4B /* Info.plist */ = {isa = PBXFileReference; lastKnownFileType = text.plist.xml; path = Info.plist; sourceTree = "<group>"; };
		87B029C31FAA31C500056D4B /* field_observations.json */ = {isa = PBXFileReference; fileEncoding = 4; lastKnownFileType = text.json; path = field_observations.json; sourceTree = "<group>"; };
		87B029C51FAA324C00056D4B /* Classification.swift */ = {isa = PBXFileReference; lastKnownFileType = sourcecode.swift; path = Classification.swift; sourceTree = "<group>"; };
		87B029C71FAA33A000056D4B /* ObservationClassification.swift */ = {isa = PBXFileReference; lastKnownFileType = sourcecode.swift; path = ObservationClassification.swift; sourceTree = "<group>"; };
		87B029C91FAA366300056D4B /* ObservationsJSONParser.swift */ = {isa = PBXFileReference; lastKnownFileType = sourcecode.swift; path = ObservationsJSONParser.swift; sourceTree = "<group>"; };
		87B029CB1FAA3D4400056D4B /* ObservationsJSONLoader.swift */ = {isa = PBXFileReference; lastKnownFileType = sourcecode.swift; path = ObservationsJSONLoader.swift; sourceTree = "<group>"; };
		87B029CD1FAA42A400056D4B /* ObservationViewController.swift */ = {isa = PBXFileReference; lastKnownFileType = sourcecode.swift; path = ObservationViewController.swift; sourceTree = "<group>"; };
		87B029CF1FAA42D300056D4B /* ObservationDetailsViewController.swift */ = {isa = PBXFileReference; lastKnownFileType = sourcecode.swift; path = ObservationDetailsViewController.swift; sourceTree = "<group>"; };
		87B029D11FAA4BE500056D4B /* ObservationTableViewCell.swift */ = {isa = PBXFileReference; lastKnownFileType = sourcecode.swift; path = ObservationTableViewCell.swift; sourceTree = "<group>"; };
/* End PBXFileReference section */

/* Begin PBXFrameworksBuildPhase section */
		87B029A81FAA2F2000056D4B /* Frameworks */ = {
			isa = PBXFrameworksBuildPhase;
			buildActionMask = 2147483647;
			files = (
			);
			runOnlyForDeploymentPostprocessing = 0;
		};
/* End PBXFrameworksBuildPhase section */

/* Begin PBXGroup section */
		87B029A21FAA2F2000056D4B = {
			isa = PBXGroup;
			children = (
				87B029AD1FAA2F2000056D4B /* Field Survey */,
				87B029AC1FAA2F2000056D4B /* Products */,
			);
			sourceTree = "<group>";
		};
		87B029AC1FAA2F2000056D4B /* Products */ = {
			isa = PBXGroup;
			children = (
				87B029AB1FAA2F2000056D4B /* Field Survey.app */,
			);
			name = Products;
			sourceTree = "<group>";
		};
		87B029AD1FAA2F2000056D4B /* Field Survey */ = {
			isa = PBXGroup;
			children = (
				87B029C01FAA311C00056D4B /* Model */,
				87B029AE1FAA2F2000056D4B /* AppDelegate.swift */,
				87B029B21FAA2F2000056D4B /* Main.storyboard */,
				87B029B51FAA2F2000056D4B /* Assets.xcassets */,
				87B029B71FAA2F2000056D4B /* LaunchScreen.storyboard */,
				87B029BA1FAA2F2000056D4B /* Info.plist */,
				87B029CD1FAA42A400056D4B /* ObservationViewController.swift */,
				87B029CF1FAA42D300056D4B /* ObservationDetailsViewController.swift */,
				87B029D11FAA4BE500056D4B /* ObservationTableViewCell.swift */,
			);
			path = "Field Survey";
			sourceTree = "<group>";
		};
		87B029C01FAA311C00056D4B /* Model */ = {
			isa = PBXGroup;
			children = (
				87B029C31FAA31C500056D4B /* field_observations.json */,
				87B029C51FAA324C00056D4B /* Classification.swift */,
				87B029C71FAA33A000056D4B /* ObservationClassification.swift */,
				87B029C91FAA366300056D4B /* ObservationsJSONParser.swift */,
				87B029CB1FAA3D4400056D4B /* ObservationsJSONLoader.swift */,
			);
			path = Model;
			sourceTree = "<group>";
		};
/* End PBXGroup section */

/* Begin PBXNativeTarget section */
		87B029AA1FAA2F2000056D4B /* Field Survey */ = {
			isa = PBXNativeTarget;
			buildConfigurationList = 87B029BD1FAA2F2000056D4B /* Build configuration list for PBXNativeTarget "Field Survey" */;
			buildPhases = (
				87B029A71FAA2F2000056D4B /* Sources */,
				87B029A81FAA2F2000056D4B /* Frameworks */,
				87B029A91FAA2F2000056D4B /* Resources */,
			);
			buildRules = (
			);
			dependencies = (
			);
			name = "Field Survey";
			productName = "Field Survey";
			productReference = 87B029AB1FAA2F2000056D4B /* Field Survey.app */;
			productType = "com.apple.product-type.application";
		};
/* End PBXNativeTarget section */

/* Begin PBXProject section */
		87B029A31FAA2F2000056D4B /* Project object */ = {
			isa = PBXProject;
			attributes = {
				LastSwiftUpdateCheck = 0900;
				LastUpgradeCheck = 0900;
				ORGANIZATIONNAME = "Tech Innovator";
				TargetAttributes = {
					87B029AA1FAA2F2000056D4B = {
						CreatedOnToolsVersion = 9.0;
						ProvisioningStyle = Automatic;
					};
				};
			};
			buildConfigurationList = 87B029A61FAA2F2000056D4B /* Build configuration list for PBXProject "Field Survey" */;
			compatibilityVersion = "Xcode 8.0";
			developmentRegion = en;
			hasScannedForEncodings = 0;
			knownRegions = (
				en,
				Base,
			);
			mainGroup = 87B029A21FAA2F2000056D4B;
			productRefGroup = 87B029AC1FAA2F2000056D4B /* Products */;
			projectDirPath = "";
			projectRoot = "";
			targets = (
				87B029AA1FAA2F2000056D4B /* Field Survey */,
			);
		};
/* End PBXProject section */

/* Begin PBXResourcesBuildPhase section */
		87B029A91FAA2F2000056D4B /* Resources */ = {
			isa = PBXResourcesBuildPhase;
			buildActionMask = 2147483647;
			files = (
				87B029B91FAA2F2000056D4B /* LaunchScreen.storyboard in Resources */,
				87B029C41FAA31C500056D4B /* field_observations.json in Resources */,
				87B029B61FAA2F2000056D4B /* Assets.xcassets in Resources */,
				87B029B41FAA2F2000056D4B /* Main.storyboard in Resources */,
			);
			runOnlyForDeploymentPostprocessing = 0;
		};
/* End PBXResourcesBuildPhase section */

/* Begin PBXSourcesBuildPhase section */
		87B029A71FAA2F2000056D4B /* Sources */ = {
			isa = PBXSourcesBuildPhase;
			buildActionMask = 2147483647;
			files = (
				87B029D21FAA4BE500056D4B /* ObservationTableViewCell.swift in Sources */,
				87B029CC1FAA3D4400056D4B /* ObservationsJSONLoader.swift in Sources */,
				87B029CE1FAA42A400056D4B /* ObservationViewController.swift in Sources */,
				87B029CA1FAA366300056D4B /* ObservationsJSONParser.swift in Sources */,
				87B029AF1FAA2F2000056D4B /* AppDelegate.swift in Sources */,
				87B029C81FAA33A000056D4B /* ObservationClassification.swift in Sources */,
				87B029D01FAA42D300056D4B /* ObservationDetailsViewController.swift in Sources */,
				87B029C61FAA324C00056D4B /* Classification.swift in Sources */,
			);
			runOnlyForDeploymentPostprocessing = 0;
		};
/* End PBXSourcesBuildPhase section */

/* Begin PBXVariantGroup section */
		87B029B21FAA2F2000056D4B /* Main.storyboard */ = {
			isa = PBXVariantGroup;
			children = (
				87B029B31FAA2F2000056D4B /* Base */,
			);
			name = Main.storyboard;
			sourceTree = "<group>";
		};
		87B029B71FAA2F2000056D4B /* LaunchScreen.storyboard */ = {
			isa = PBXVariantGroup;
			children = (
				87B029B81FAA2F2000056D4B /* Base */,
			);
			name = LaunchScreen.storyboard;
			sourceTree = "<group>";
		};
/* End PBXVariantGroup section */

/* Begin XCBuildConfiguration section */
		87B029BB1FAA2F2000056D4B /* Debug */ = {
			isa = XCBuildConfiguration;
			buildSettings = {
				ALWAYS_SEARCH_USER_PATHS = NO;
				CLANG_ANALYZER_NONNULL = YES;
				CLANG_ANALYZER_NUMBER_OBJECT_CONVERSION = YES_AGGRESSIVE;
				CLANG_CXX_LANGUAGE_STANDARD = "gnu++14";
				CLANG_CXX_LIBRARY = "libc++";
				CLANG_ENABLE_MODULES = YES;
				CLANG_ENABLE_OBJC_ARC = YES;
				CLANG_WARN_BLOCK_CAPTURE_AUTORELEASING = YES;
				CLANG_WARN_BOOL_CONVERSION = YES;
				CLANG_WARN_COMMA = YES;
				CLANG_WARN_CONSTANT_CONVERSION = YES;
				CLANG_WARN_DIRECT_OBJC_ISA_USAGE = YES_ERROR;
				CLANG_WARN_DOCUMENTATION_COMMENTS = YES;
				CLANG_WARN_EMPTY_BODY = YES;
				CLANG_WARN_ENUM_CONVERSION = YES;
				CLANG_WARN_INFINITE_RECURSION = YES;
				CLANG_WARN_INT_CONVERSION = YES;
				CLANG_WARN_NON_LITERAL_NULL_CONVERSION = YES;
				CLANG_WARN_OBJC_LITERAL_CONVERSION = YES;
				CLANG_WARN_OBJC_ROOT_CLASS = YES_ERROR;
				CLANG_WARN_RANGE_LOOP_ANALYSIS = YES;
				CLANG_WARN_STRICT_PROTOTYPES = YES;
				CLANG_WARN_SUSPICIOUS_MOVE = YES;
				CLANG_WARN_UNGUARDED_AVAILABILITY = YES_AGGRESSIVE;
				CLANG_WARN_UNREACHABLE_CODE = YES;
				CLANG_WARN__DUPLICATE_METHOD_MATCH = YES;
				CODE_SIGN_IDENTITY = "iPhone Developer";
				COPY_PHASE_STRIP = NO;
				DEBUG_INFORMATION_FORMAT = dwarf;
				ENABLE_STRICT_OBJC_MSGSEND = YES;
				ENABLE_TESTABILITY = YES;
				GCC_C_LANGUAGE_STANDARD = gnu11;
				GCC_DYNAMIC_NO_PIC = NO;
				GCC_NO_COMMON_BLOCKS = YES;
				GCC_OPTIMIZATION_LEVEL = 0;
				GCC_PREPROCESSOR_DEFINITIONS = (
					"DEBUG=1",
					"$(inherited)",
				);
				GCC_WARN_64_TO_32_BIT_CONVERSION = YES;
				GCC_WARN_ABOUT_RETURN_TYPE = YES_ERROR;
				GCC_WARN_UNDECLARED_SELECTOR = YES;
				GCC_WARN_UNINITIALIZED_AUTOS = YES_AGGRESSIVE;
				GCC_WARN_UNUSED_FUNCTION = YES;
				GCC_WARN_UNUSED_VARIABLE = YES;
				IPHONEOS_DEPLOYMENT_TARGET = 11.0;
				MTL_ENABLE_DEBUG_INFO = YES;
				ONLY_ACTIVE_ARCH = YES;
				SDKROOT = iphoneos;
				SWIFT_ACTIVE_COMPILATION_CONDITIONS = DEBUG;
				SWIFT_OPTIMIZATION_LEVEL = "-Onone";
			};
			name = Debug;
		};
		87B029BC1FAA2F2000056D4B /* Release */ = {
			isa = XCBuildConfiguration;
			buildSettings = {
				ALWAYS_SEARCH_USER_PATHS = NO;
				CLANG_ANALYZER_NONNULL = YES;
				CLANG_ANALYZER_NUMBER_OBJECT_CONVERSION = YES_AGGRESSIVE;
				CLANG_CXX_LANGUAGE_STANDARD = "gnu++14";
				CLANG_CXX_LIBRARY = "libc++";
				CLANG_ENABLE_MODULES = YES;
				CLANG_ENABLE_OBJC_ARC = YES;
				CLANG_WARN_BLOCK_CAPTURE_AUTORELEASING = YES;
				CLANG_WARN_BOOL_CONVERSION = YES;
				CLANG_WARN_COMMA = YES;
				CLANG_WARN_CONSTANT_CONVERSION = YES;
				CLANG_WARN_DIRECT_OBJC_ISA_USAGE = YES_ERROR;
				CLANG_WARN_DOCUMENTATION_COMMENTS = YES;
				CLANG_WARN_EMPTY_BODY = YES;
				CLANG_WARN_ENUM_CONVERSION = YES;
				CLANG_WARN_INFINITE_RECURSION = YES;
				CLANG_WARN_INT_CONVERSION = YES;
				CLANG_WARN_NON_LITERAL_NULL_CONVERSION = YES;
				CLANG_WARN_OBJC_LITERAL_CONVERSION = YES;
				CLANG_WARN_OBJC_ROOT_CLASS = YES_ERROR;
				CLANG_WARN_RANGE_LOOP_ANALYSIS = YES;
				CLANG_WARN_STRICT_PROTOTYPES = YES;
				CLANG_WARN_SUSPICIOUS_MOVE = YES;
				CLANG_WARN_UNGUARDED_AVAILABILITY = YES_AGGRESSIVE;
				CLANG_WARN_UNREACHABLE_CODE = YES;
				CLANG_WARN__DUPLICATE_METHOD_MATCH = YES;
				CODE_SIGN_IDENTITY = "iPhone Developer";
				COPY_PHASE_STRIP = NO;
				DEBUG_INFORMATION_FORMAT = "dwarf-with-dsym";
				ENABLE_NS_ASSERTIONS = NO;
				ENABLE_STRICT_OBJC_MSGSEND = YES;
				GCC_C_LANGUAGE_STANDARD = gnu11;
				GCC_NO_COMMON_BLOCKS = YES;
				GCC_WARN_64_TO_32_BIT_CONVERSION = YES;
				GCC_WARN_ABOUT_RETURN_TYPE = YES_ERROR;
				GCC_WARN_UNDECLARED_SELECTOR = YES;
				GCC_WARN_UNINITIALIZED_AUTOS = YES_AGGRESSIVE;
				GCC_WARN_UNUSED_FUNCTION = YES;
				GCC_WARN_UNUSED_VARIABLE = YES;
				IPHONEOS_DEPLOYMENT_TARGET = 11.0;
				MTL_ENABLE_DEBUG_INFO = NO;
				SDKROOT = iphoneos;
				SWIFT_OPTIMIZATION_LEVEL = "-Owholemodule";
				VALIDATE_PRODUCT = YES;
			};
			name = Release;
		};
		87B029BE1FAA2F2000056D4B /* Debug */ = {
			isa = XCBuildConfiguration;
			buildSettings = {
				ASSETCATALOG_COMPILER_APPICON_NAME = AppIcon;
				CODE_SIGN_STYLE = Automatic;
				INFOPLIST_FILE = "Field Survey/Info.plist";
				LD_RUNPATH_SEARCH_PATHS = "$(inherited) @executable_path/Frameworks";
				PRODUCT_BUNDLE_IDENTIFIER = "online.techinnovator.Field-Survey";
				PRODUCT_NAME = "$(TARGET_NAME)";
				SWIFT_VERSION = 4.0;
				TARGETED_DEVICE_FAMILY = "1,2";
			};
			name = Debug;
		};
		87B029BF1FAA2F2000056D4B /* Release */ = {
			isa = XCBuildConfiguration;
			buildSettings = {
				ASSETCATALOG_COMPILER_APPICON_NAME = AppIcon;
				CODE_SIGN_STYLE = Automatic;
				INFOPLIST_FILE = "Field Survey/Info.plist";
				LD_RUNPATH_SEARCH_PATHS = "$(inherited) @executable_path/Frameworks";
				PRODUCT_BUNDLE_IDENTIFIER = "online.techinnovator.Field-Survey";
				PRODUCT_NAME = "$(TARGET_NAME)";
				SWIFT_VERSION = 4.0;
				TARGETED_DEVICE_FAMILY = "1,2";
			};
			name = Release;
		};
/* End XCBuildConfiguration section */

/* Begin XCConfigurationList section */
		87B029A61FAA2F2000056D4B /* Build configuration list for PBXProject "Field Survey" */ = {
			isa = XCConfigurationList;
			buildConfigurations = (
				87B029BB1FAA2F2000056D4B /* Debug */,
				87B029BC1FAA2F2000056D4B /* Release */,
			);
			defaultConfigurationIsVisible = 0;
			defaultConfigurationName = Release;
		};
		87B029BD1FAA2F2000056D4B /* Build configuration list for PBXNativeTarget "Field Survey" */ = {
			isa = XCConfigurationList;
			buildConfigurations = (
				87B029BE1FAA2F2000056D4B /* Debug */,
				87B029BF1FAA2F2000056D4B /* Release */,
			);
			defaultConfigurationIsVisible = 0;
			defaultConfigurationName = Release;
		};
/* End XCConfigurationList section */
	};
	rootObject = 87B029A31FAA2F2000056D4B /* Project object */;
}
